
Microsoft Visual Studio Solution File, Format Version 12.00
# Visual Studio Version 16
VisualStudioVersion = 16.0.30002.166
MinimumVisualStudioVersion = 10.0.40219.1
Project("{9A19103F-16F7-4668-BE54-9A1E7A4F7556}") = "tienda-web", "tienda-web.csproj", "{DFC52218-BAE8-4220-B913-9E69CA75A8B2}"
EndProject
Global
	GlobalSection(SolutionConfigurationPlatforms) = preSolution
		Debug|Any CPU = Debug|Any CPU
		Release|Any CPU = Release|Any CPU
	EndGlobalSection
	GlobalSection(ProjectConfigurationPlatforms) = postSolution
		{DFC52218-BAE8-4220-B913-9E69CA75A8B2}.Debug|Any CPU.ActiveCfg = Debug|Any CPU
		{DFC52218-BAE8-4220-B913-9E69CA75A8B2}.Debug|Any CPU.Build.0 = Debug|Any CPU
		{DFC52218-BAE8-4220-B913-9E69CA75A8B2}.Release|Any CPU.ActiveCfg = Release|Any CPU
		{DFC52218-BAE8-4220-B913-9E69CA75A8B2}.Release|Any CPU.Build.0 = Release|Any CPU
	EndGlobalSection
	GlobalSection(SolutionProperties) = preSolution
		HideSolutionNode = FALSE
	EndGlobalSection
	GlobalSection(ExtensibilityGlobals) = postSolution
		SolutionGuid = {81A21462-54A2-4A9C-99AC-CB0949B19A32}
	EndGlobalSection
EndGlobal
